// !$*UTF8*$!
{
	archiveVersion = 1;
	classes = {
	};
	objectVersion = 46;
	objects = {

/* Begin PBXBuildFile section */
		1DF3B82B1E664A820016AE12 /* AppDelegate.swift in Sources */ = {isa = PBXBuildFile; fileRef = 1DF3B82A1E664A820016AE12 /* AppDelegate.swift */; };
		1DF3B82D1E664A820016AE12 /* ViewController.swift in Sources */ = {isa = PBXBuildFile; fileRef = 1DF3B82C1E664A820016AE12 /* ViewController.swift */; };
		1DF3B82F1E664A820016AE12 /* Assets.xcassets in Resources */ = {isa = PBXBuildFile; fileRef = 1DF3B82E1E664A820016AE12 /* Assets.xcassets */; };
		1DF3B8321E664A820016AE12 /* Main.storyboard in Resources */ = {isa = PBXBuildFile; fileRef = 1DF3B8301E664A820016AE12 /* Main.storyboard */; };
		1DF3B83D1E664A820016AE12 /* xCode8GitExampleTests.swift in Sources */ = {isa = PBXBuildFile; fileRef = 1DF3B83C1E664A820016AE12 /* xCode8GitExampleTests.swift */; };
		1DF3B8481E664A820016AE12 /* xCode8GitExampleUITests.swift in Sources */ = {isa = PBXBuildFile; fileRef = 1DF3B8471E664A820016AE12 /* xCode8GitExampleUITests.swift */; };
/* End PBXBuildFile section */

/* Begin PBXContainerItemProxy section */
		1DF3B8391E664A820016AE12 /* PBXContainerItemProxy */ = {
			isa = PBXContainerItemProxy;
			containerPortal = 1DF3B81F1E664A820016AE12 /* Project object */;
			proxyType = 1;
			remoteGlobalIDString = 1DF3B8261E664A820016AE12;
			remoteInfo = xCode8GitExample;
		};
		1DF3B8441E664A820016AE12 /* PBXContainerItemProxy */ = {
			isa = PBXContainerItemProxy;
			containerPortal = 1DF3B81F1E664A820016AE12 /* Project object */;
			proxyType = 1;
			remoteGlobalIDString = 1DF3B8261E664A820016AE12;
			remoteInfo = xCode8GitExample;
		};
/* End PBXContainerItemProxy section */

/* Begin PBXFileReference section */
		1DF3B8271E664A820016AE12 /* xCode8GitExample.app */ = {isa = PBXFileReference; explicitFileType = wrapper.application; includeInIndex = 0; path = xCode8GitExample.app; sourceTree = BUILT_PRODUCTS_DIR; };
		1DF3B82A1E664A820016AE12 /* AppDelegate.swift */ = {isa = PBXFileReference; lastKnownFileType = sourcecode.swift; path = AppDelegate.swift; sourceTree = "<group>"; };
		1DF3B82C1E664A820016AE12 /* ViewController.swift */ = {isa = PBXFileReference; lastKnownFileType = sourcecode.swift; path = ViewController.swift; sourceTree = "<group>"; };
		1DF3B82E1E664A820016AE12 /* Assets.xcassets */ = {isa = PBXFileReference; lastKnownFileType = folder.assetcatalog; path = Assets.xcassets; sourceTree = "<group>"; };
		1DF3B8311E664A820016AE12 /* Base */ = {isa = PBXFileReference; lastKnownFileType = file.storyboard; name = Base; path = Base.lproj/Main.storyboard; sourceTree = "<group>"; };
		1DF3B8331E664A820016AE12 /* Info.plist */ = {isa = PBXFileReference; lastKnownFileType = text.plist.xml; path = Info.plist; sourceTree = "<group>"; };
		1DF3B8381E664A820016AE12 /* xCode8GitExampleTests.xctest */ = {isa = PBXFileReference; explicitFileType = wrapper.cfbundle; includeInIndex = 0; path = xCode8GitExampleTests.xctest; sourceTree = BUILT_PRODUCTS_DIR; };
		1DF3B83C1E664A820016AE12 /* xCode8GitExampleTests.swift */ = {isa = PBXFileReference; lastKnownFileType = sourcecode.swift; path = xCode8GitExampleTests.swift; sourceTree = "<group>"; };
		1DF3B83E1E664A820016AE12 /* Info.plist */ = {isa = PBXFileReference; lastKnownFileType = text.plist.xml; path = Info.plist; sourceTree = "<group>"; };
		1DF3B8431E664A820016AE12 /* xCode8GitExampleUITests.xctest */ = {isa = PBXFileReference; explicitFileType = wrapper.cfbundle; includeInIndex = 0; path = xCode8GitExampleUITests.xctest; sourceTree = BUILT_PRODUCTS_DIR; };
		1DF3B8471E664A820016AE12 /* xCode8GitExampleUITests.swift */ = {isa = PBXFileReference; lastKnownFileType = sourcecode.swift; path = xCode8GitExampleUITests.swift; sourceTree = "<group>"; };
		1DF3B8491E664A820016AE12 /* Info.plist */ = {isa = PBXFileReference; lastKnownFileType = text.plist.xml; path = Info.plist; sourceTree = "<group>"; };
/* End PBXFileReference section */

/* Begin PBXFrameworksBuildPhase section */
		1DF3B8241E664A820016AE12 /* Frameworks */ = {
			isa = PBXFrameworksBuildPhase;
			buildActionMask = 2147483647;
			files = (
			);
			runOnlyForDeploymentPostprocessing = 0;
		};
		1DF3B8351E664A820016AE12 /* Frameworks */ = {
			isa = PBXFrameworksBuildPhase;
			buildActionMask = 2147483647;
			files = (
			);
			runOnlyForDeploymentPostprocessing = 0;
		};
		1DF3B8401E664A820016AE12 /* Frameworks */ = {
			isa = PBXFrameworksBuildPhase;
			buildActionMask = 2147483647;
			files = (
			);
			runOnlyForDeploymentPostprocessing = 0;
		};
/* End PBXFrameworksBuildPhase section */

/* Begin PBXGroup section */
		1DF3B81E1E664A820016AE12 = {
			isa = PBXGroup;
			children = (
				1DF3B8291E664A820016AE12 /* xCode8GitExample */,
				1DF3B83B1E664A820016AE12 /* xCode8GitExampleTests */,
				1DF3B8461E664A820016AE12 /* xCode8GitExampleUITests */,
				1DF3B8281E664A820016AE12 /* Products */,
			);
			sourceTree = "<group>";
		};
		1DF3B8281E664A820016AE12 /* Products */ = {
			isa = PBXGroup;
			children = (
				1DF3B8271E664A820016AE12 /* xCode8GitExample.app */,
				1DF3B8381E664A820016AE12 /* xCode8GitExampleTests.xctest */,
				1DF3B8431E664A820016AE12 /* xCode8GitExampleUITests.xctest */,
			);
			name = Products;
			sourceTree = "<group>";
		};
		1DF3B8291E664A820016AE12 /* xCode8GitExample */ = {
			isa = PBXGroup;
			children = (
				1DF3B82A1E664A820016AE12 /* AppDelegate.swift */,
				1DF3B82C1E664A820016AE12 /* ViewController.swift */,
				1DF3B82E1E664A820016AE12 /* Assets.xcassets */,
				1DF3B8301E664A820016AE12 /* Main.storyboard */,
				1DF3B8331E664A820016AE12 /* Info.plist */,
			);
			path = xCode8GitExample;
			sourceTree = "<group>";
		};
		1DF3B83B1E664A820016AE12 /* xCode8GitExampleTests */ = {
			isa = PBXGroup;
			children = (
				1DF3B83C1E664A820016AE12 /* xCode8GitExampleTests.swift */,
				1DF3B83E1E664A820016AE12 /* Info.plist */,
			);
			path = xCode8GitExampleTests;
			sourceTree = "<group>";
		};
		1DF3B8461E664A820016AE12 /* xCode8GitExampleUITests */ = {
			isa = PBXGroup;
			children = (
				1DF3B8471E664A820016AE12 /* xCode8GitExampleUITests.swift */,
				1DF3B8491E664A820016AE12 /* Info.plist */,
			);
			path = xCode8GitExampleUITests;
			sourceTree = "<group>";
		};
/* End PBXGroup section */

/* Begin PBXNativeTarget section */
		1DF3B8261E664A820016AE12 /* xCode8GitExample */ = {
			isa = PBXNativeTarget;
			buildConfigurationList = 1DF3B84C1E664A820016AE12 /* Build configuration list for PBXNativeTarget "xCode8GitExample" */;
			buildPhases = (
				1DF3B8231E664A820016AE12 /* Sources */,
				1DF3B8241E664A820016AE12 /* Frameworks */,
				1DF3B8251E664A820016AE12 /* Resources */,
			);
			buildRules = (
			);
			dependencies = (
			);
			name = xCode8GitExample;
			productName = xCode8GitExample;
			productReference = 1DF3B8271E664A820016AE12 /* xCode8GitExample.app */;
			productType = "com.apple.product-type.application";
		};
		1DF3B8371E664A820016AE12 /* xCode8GitExampleTests */ = {
			isa = PBXNativeTarget;
			buildConfigurationList = 1DF3B84F1E664A820016AE12 /* Build configuration list for PBXNativeTarget "xCode8GitExampleTests" */;
			buildPhases = (
				1DF3B8341E664A820016AE12 /* Sources */,
				1DF3B8351E664A820016AE12 /* Frameworks */,
				1DF3B8361E664A820016AE12 /* Resources */,
			);
			buildRules = (
			);
			dependencies = (
				1DF3B83A1E664A820016AE12 /* PBXTargetDependency */,
			);
			name = xCode8GitExampleTests;
			productName = xCode8GitExampleTests;
			productReference = 1DF3B8381E664A820016AE12 /* xCode8GitExampleTests.xctest */;
			productType = "com.apple.product-type.bundle.unit-test";
		};
		1DF3B8421E664A820016AE12 /* xCode8GitExampleUITests */ = {
			isa = PBXNativeTarget;
			buildConfigurationList = 1DF3B8521E664A820016AE12 /* Build configuration list for PBXNativeTarget "xCode8GitExampleUITests" */;
			buildPhases = (
				1DF3B83F1E664A820016AE12 /* Sources */,
				1DF3B8401E664A820016AE12 /* Frameworks */,
				1DF3B8411E664A820016AE12 /* Resources */,
			);
			buildRules = (
			);
			dependencies = (
				1DF3B8451E664A820016AE12 /* PBXTargetDependency */,
			);
			name = xCode8GitExampleUITests;
			productName = xCode8GitExampleUITests;
			productReference = 1DF3B8431E664A820016AE12 /* xCode8GitExampleUITests.xctest */;
			productType = "com.apple.product-type.bundle.ui-testing";
		};
/* End PBXNativeTarget section */

/* Begin PBXProject section */
		1DF3B81F1E664A820016AE12 /* Project object */ = {
			isa = PBXProject;
			attributes = {
				LastSwiftUpdateCheck = 0820;
				LastUpgradeCheck = 0820;
				ORGANIZATIONNAME = "Erik Howard";
				TargetAttributes = {
					1DF3B8261E664A820016AE12 = {
						CreatedOnToolsVersion = 8.2.1;
						ProvisioningStyle = Automatic;
					};
					1DF3B8371E664A820016AE12 = {
						CreatedOnToolsVersion = 8.2.1;
						ProvisioningStyle = Automatic;
						TestTargetID = 1DF3B8261E664A820016AE12;
					};
					1DF3B8421E664A820016AE12 = {
						CreatedOnToolsVersion = 8.2.1;
						ProvisioningStyle = Automatic;
						TestTargetID = 1DF3B8261E664A820016AE12;
					};
				};
			};
			buildConfigurationList = 1DF3B8221E664A820016AE12 /* Build configuration list for PBXProject "xCode8GitExample" */;
			compatibilityVersion = "Xcode 3.2";
			developmentRegion = English;
			hasScannedForEncodings = 0;
			knownRegions = (
				en,
				Base,
			);
			mainGroup = 1DF3B81E1E664A820016AE12;
			productRefGroup = 1DF3B8281E664A820016AE12 /* Products */;
			projectDirPath = "";
			projectRoot = "";
			targets = (
				1DF3B8261E664A820016AE12 /* xCode8GitExample */,
				1DF3B8371E664A820016AE12 /* xCode8GitExampleTests */,
				1DF3B8421E664A820016AE12 /* xCode8GitExampleUITests */,
			);
		};
/* End PBXProject section */

/* Begin PBXResourcesBuildPhase section */
		1DF3B8251E664A820016AE12 /* Resources */ = {
			isa = PBXResourcesBuildPhase;
			buildActionMask = 2147483647;
			files = (
				1DF3B82F1E664A820016AE12 /* Assets.xcassets in Resources */,
				1DF3B8321E664A820016AE12 /* Main.storyboard in Resources */,
			);
			runOnlyForDeploymentPostprocessing = 0;
		};
		1DF3B8361E664A820016AE12 /* Resources */ = {
			isa = PBXResourcesBuildPhase;
			buildActionMask = 2147483647;
			files = (
			);
			runOnlyForDeploymentPostprocessing = 0;
		};
		1DF3B8411E664A820016AE12 /* Resources */ = {
			isa = PBXResourcesBuildPhase;
			buildActionMask = 2147483647;
			files = (
			);
			runOnlyForDeploymentPostprocessing = 0;
		};
/* End PBXResourcesBuildPhase section */

/* Begin PBXSourcesBuildPhase section */
		1DF3B8231E664A820016AE12 /* Sources */ = {
			isa = PBXSourcesBuildPhase;
			buildActionMask = 2147483647;
			files = (
				1DF3B82D1E664A820016AE12 /* ViewController.swift in Sources */,
				1DF3B82B1E664A820016AE12 /* AppDelegate.swift in Sources */,
			);
			runOnlyForDeploymentPostprocessing = 0;
		};
		1DF3B8341E664A820016AE12 /* Sources */ = {
			isa = PBXSourcesBuildPhase;
			buildActionMask = 2147483647;
			files = (
				1DF3B83D1E664A820016AE12 /* xCode8GitExampleTests.swift in Sources */,
			);
			runOnlyForDeploymentPostprocessing = 0;
		};
		1DF3B83F1E664A820016AE12 /* Sources */ = {
			isa = PBXSourcesBuildPhase;
			buildActionMask = 2147483647;
			files = (
				1DF3B8481E664A820016AE12 /* xCode8GitExampleUITests.swift in Sources */,
			);
			runOnlyForDeploymentPostprocessing = 0;
		};
/* End PBXSourcesBuildPhase section */

/* Begin PBXTargetDependency section */
		1DF3B83A1E664A820016AE12 /* PBXTargetDependency */ = {
			isa = PBXTargetDependency;
			target = 1DF3B8261E664A820016AE12 /* xCode8GitExample */;
			targetProxy = 1DF3B8391E664A820016AE12 /* PBXContainerItemProxy */;
		};
		1DF3B8451E664A820016AE12 /* PBXTargetDependency */ = {
			isa = PBXTargetDependency;
			target = 1DF3B8261E664A820016AE12 /* xCode8GitExample */;
			targetProxy = 1DF3B8441E664A820016AE12 /* PBXContainerItemProxy */;
		};
/* End PBXTargetDependency section */

/* Begin PBXVariantGroup section */
		1DF3B8301E664A820016AE12 /* Main.storyboard */ = {
			isa = PBXVariantGroup;
			children = (
				1DF3B8311E664A820016AE12 /* Base */,
			);
			name = Main.storyboard;
			sourceTree = "<group>";
		};
/* End PBXVariantGroup section */

/* Begin XCBuildConfiguration section */
		1DF3B84A1E664A820016AE12 /* Debug */ = {
			isa = XCBuildConfiguration;
			buildSettings = {
				ALWAYS_SEARCH_USER_PATHS = NO;
				CLANG_ANALYZER_NONNULL = YES;
				CLANG_CXX_LANGUAGE_STANDARD = "gnu++0x";
				CLANG_CXX_LIBRARY = "libc++";
				CLANG_ENABLE_MODULES = YES;
				CLANG_ENABLE_OBJC_ARC = YES;
				CLANG_WARN_BOOL_CONVERSION = YES;
				CLANG_WARN_CONSTANT_CONVERSION = YES;
				CLANG_WARN_DIRECT_OBJC_ISA_USAGE = YES_ERROR;
				CLANG_WARN_DOCUMENTATION_COMMENTS = YES;
				CLANG_WARN_EMPTY_BODY = YES;
				CLANG_WARN_ENUM_CONVERSION = YES;
				CLANG_WARN_INFINITE_RECURSION = YES;
				CLANG_WARN_INT_CONVERSION = YES;
				CLANG_WARN_OBJC_ROOT_CLASS = YES_ERROR;
				CLANG_WARN_SUSPICIOUS_MOVE = YES;
				CLANG_WARN_UNREACHABLE_CODE = YES;
				CLANG_WARN__DUPLICATE_METHOD_MATCH = YES;
				CODE_SIGN_IDENTITY = "-";
				COPY_PHASE_STRIP = NO;
				DEBUG_INFORMATION_FORMAT = dwarf;
				ENABLE_STRICT_OBJC_MSGSEND = YES;
				ENABLE_TESTABILITY = YES;
				GCC_C_LANGUAGE_STANDARD = gnu99;
				GCC_DYNAMIC_NO_PIC = NO;
				GCC_NO_COMMON_BLOCKS = YES;
				GCC_OPTIMIZATION_LEVEL = 0;
				GCC_PREPROCESSOR_DEFINITIONS = (
					"DEBUG=1",
					"$(inherited)",
				);
				GCC_WARN_64_TO_32_BIT_CONVERSION = YES;
				GCC_WARN_ABOUT_RETURN_TYPE = YES_ERROR;
				GCC_WARN_UNDECLARED_SELECTOR = YES;
				GCC_WARN_UNINITIALIZED_AUTOS = YES_AGGRESSIVE;
				GCC_WARN_UNUSED_FUNCTION = YES;
				GCC_WARN_UNUSED_VARIABLE = YES;
				MACOSX_DEPLOYMENT_TARGET = 10.12;
				MTL_ENABLE_DEBUG_INFO = YES;
				ONLY_ACTIVE_ARCH = YES;
				SDKROOT = macosx;
				SWIFT_ACTIVE_COMPILATION_CONDITIONS = DEBUG;
				SWIFT_OPTIMIZATION_LEVEL = "-Onone";
			};
			name = Debug;
		};
		1DF3B84B1E664A820016AE12 /* Release */ = {
			isa = XCBuildConfiguration;
			buildSettings = {
				ALWAYS_SEARCH_USER_PATHS = NO;
				CLANG_ANALYZER_NONNULL = YES;
				CLANG_CXX_LANGUAGE_STANDARD = "gnu++0x";
				CLANG_CXX_LIBRARY = "libc++";
				CLANG_ENABLE_MODULES = YES;
				CLANG_ENABLE_OBJC_ARC = YES;
				CLANG_WARN_BOOL_CONVERSION = YES;
				CLANG_WARN_CONSTANT_CONVERSION = YES;
				CLANG_WARN_DIRECT_OBJC_ISA_USAGE = YES_ERROR;
				CLANG_WARN_DOCUMENTATION_COMMENTS = YES;
				CLANG_WARN_EMPTY_BODY = YES;
				CLANG_WARN_ENUM_CONVERSION = YES;
				CLANG_WARN_INFINITE_RECURSION = YES;
				CLANG_WARN_INT_CONVERSION = YES;
				CLANG_WARN_OBJC_ROOT_CLASS = YES_ERROR;
				CLANG_WARN_SUSPICIOUS_MOVE = YES;
				CLANG_WARN_UNREACHABLE_CODE = YES;
				CLANG_WARN__DUPLICATE_METHOD_MATCH = YES;
				CODE_SIGN_IDENTITY = "-";
				COPY_PHASE_STRIP = NO;
				DEBUG_INFORMATION_FORMAT = "dwarf-with-dsym";
				ENABLE_NS_ASSERTIONS = NO;
				ENABLE_STRICT_OBJC_MSGSEND = YES;
				GCC_C_LANGUAGE_STANDARD = gnu99;
				GCC_NO_COMMON_BLOCKS = YES;
				GCC_WARN_64_TO_32_BIT_CONVERSION = YES;
				GCC_WARN_ABOUT_RETURN_TYPE = YES_ERROR;
				GCC_WARN_UNDECLARED_SELECTOR = YES;
				GCC_WARN_UNINITIALIZED_AUTOS = YES_AGGRESSIVE;
				GCC_WARN_UNUSED_FUNCTION = YES;
				GCC_WARN_UNUSED_VARIABLE = YES;
				MACOSX_DEPLOYMENT_TARGET = 10.12;
				MTL_ENABLE_DEBUG_INFO = NO;
				SDKROOT = macosx;
				SWIFT_OPTIMIZATION_LEVEL = "-Owholemodule";
			};
			name = Release;
		};
		1DF3B84D1E664A820016AE12 /* Debug */ = {
			isa = XCBuildConfiguration;
			buildSettings = {
				ASSETCATALOG_COMPILER_APPICON_NAME = AppIcon;
				COMBINE_HIDPI_IMAGES = YES;
				INFOPLIST_FILE = xCode8GitExample/Info.plist;
				LD_RUNPATH_SEARCH_PATHS = "$(inherited) @executable_path/../Frameworks";
				PRODUCT_BUNDLE_IDENTIFIER = com.codingfiend.xCode8GitExample;
				PRODUCT_NAME = "$(TARGET_NAME)";
				SWIFT_VERSION = 3.0;
			};
			name = Debug;
		};
		1DF3B84E1E664A820016AE12 /* Release */ = {
			isa = XCBuildConfiguration;
			buildSettings = {
				ASSETCATALOG_COMPILER_APPICON_NAME = AppIcon;
				COMBINE_HIDPI_IMAGES = YES;
				INFOPLIST_FILE = xCode8GitExample/Info.plist;
				LD_RUNPATH_SEARCH_PATHS = "$(inherited) @executable_path/../Frameworks";
				PRODUCT_BUNDLE_IDENTIFIER = com.codingfiend.xCode8GitExample;
				PRODUCT_NAME = "$(TARGET_NAME)";
				SWIFT_VERSION = 3.0;
			};
			name = Release;
		};
		1DF3B8501E664A820016AE12 /* Debug */ = {
			isa = XCBuildConfiguration;
			buildSettings = {
				ALWAYS_EMBED_SWIFT_STANDARD_LIBRARIES = YES;
				BUNDLE_LOADER = "$(TEST_HOST)";
				COMBINE_HIDPI_IMAGES = YES;
				INFOPLIST_FILE = xCode8GitExampleTests/Info.plist;
				LD_RUNPATH_SEARCH_PATHS = "$(inherited) @executable_path/../Frameworks @loader_path/../Frameworks";
				PRODUCT_BUNDLE_IDENTIFIER = com.codingfiend.xCode8GitExampleTests;
				PRODUCT_NAME = "$(TARGET_NAME)";
				SWIFT_VERSION = 3.0;
				TEST_HOST = "$(BUILT_PRODUCTS_DIR)/xCode8GitExample.app/Contents/MacOS/xCode8GitExample";
			};
			name = Debug;
		};
		1DF3B8511E664A820016AE12 /* Release */ = {
			isa = XCBuildConfiguration;
			buildSettings = {
				ALWAYS_EMBED_SWIFT_STANDARD_LIBRARIES = YES;
				BUNDLE_LOADER = "$(TEST_HOST)";
				COMBINE_HIDPI_IMAGES = YES;
				INFOPLIST_FILE = xCode8GitExampleTests/Info.plist;
				LD_RUNPATH_SEARCH_PATHS = "$(inherited) @executable_path/../Frameworks @loader_path/../Frameworks";
				PRODUCT_BUNDLE_IDENTIFIER = com.codingfiend.xCode8GitExampleTests;
				PRODUCT_NAME = "$(TARGET_NAME)";
				SWIFT_VERSION = 3.0;
				TEST_HOST = "$(BUILT_PRODUCTS_DIR)/xCode8GitExample.app/Contents/MacOS/xCode8GitExample";
			};
			name = Release;
		};
		1DF3B8531E664A820016AE12 /* Debug */ = {
			isa = XCBuildConfiguration;
			buildSettings = {
				ALWAYS_EMBED_SWIFT_STANDARD_LIBRARIES = YES;
				COMBINE_HIDPI_IMAGES = YES;
				INFOPLIST_FILE = xCode8GitExampleUITests/Info.plist;
				LD_RUNPATH_SEARCH_PATHS = "$(inherited) @executable_path/../Frameworks @loader_path/../Frameworks";
				PRODUCT_BUNDLE_IDENTIFIER = com.codingfiend.xCode8GitExampleUITests;
				PRODUCT_NAME = "$(TARGET_NAME)";
				SWIFT_VERSION = 3.0;
				TEST_TARGET_NAME = xCode8GitExample;
			};
			name = Debug;
		};
		1DF3B8541E664A820016AE12 /* Release */ = {
			isa = XCBuildConfiguration;
			buildSettings = {
				ALWAYS_EMBED_SWIFT_STANDARD_LIBRARIES = YES;
				COMBINE_HIDPI_IMAGES = YES;
				INFOPLIST_FILE = xCode8GitExampleUITests/Info.plist;
				LD_RUNPATH_SEARCH_PATHS = "$(inherited) @executable_path/../Frameworks @loader_path/../Frameworks";
				PRODUCT_BUNDLE_IDENTIFIER = com.codingfiend.xCode8GitExampleUITests;
				PRODUCT_NAME = "$(TARGET_NAME)";
				SWIFT_VERSION = 3.0;
				TEST_TARGET_NAME = xCode8GitExample;
			};
			name = Release;
		};
/* End XCBuildConfiguration section */

/* Begin XCConfigurationList section */
		1DF3B8221E664A820016AE12 /* Build configuration list for PBXProject "xCode8GitExample" */ = {
			isa = XCConfigurationList;
			buildConfigurations = (
				1DF3B84A1E664A820016AE12 /* Debug */,
				1DF3B84B1E664A820016AE12 /* Release */,
			);
			defaultConfigurationIsVisible = 0;
			defaultConfigurationName = Release;
		};
		1DF3B84C1E664A820016AE12 /* Build configuration list for PBXNativeTarget "xCode8GitExample" */ = {
			isa = XCConfigurationList;
			buildConfigurations = (
				1DF3B84D1E664A820016AE12 /* Debug */,
				1DF3B84E1E664A820016AE12 /* Release */,
			);
			defaultConfigurationIsVisible = 0;
		};
		1DF3B84F1E664A820016AE12 /* Build configuration list for PBXNativeTarget "xCode8GitExampleTests" */ = {
			isa = XCConfigurationList;
			buildConfigurations = (
				1DF3B8501E664A820016AE12 /* Debug */,
				1DF3B8511E664A820016AE12 /* Release */,
			);
			defaultConfigurationIsVisible = 0;
		};
		1DF3B8521E664A820016AE12 /* Build configuration list for PBXNativeTarget "xCode8GitExampleUITests" */ = {
			isa = XCConfigurationList;
			buildConfigurations = (
				1DF3B8531E664A820016AE12 /* Debug */,
				1DF3B8541E664A820016AE12 /* Release */,
			);
			defaultConfigurationIsVisible = 0;
		};
/* End XCConfigurationList section */
	};
	rootObject = 1DF3B81F1E664A820016AE12 /* Project object */;
}
